// !$*UTF8*$!
{
	archiveVersion = 1;
	classes = {
	};
	objectVersion = 56;
	objects = {

/* Begin PBXGroup section */
		49EE43692C57735400A648A5 = {
			isa = PBXGroup;
			children = (
			);
			sourceTree = "<group>";
		};
/* End PBXGroup section */

/* Begin PBXProject section */
		49EE436A2C57735400A648A5 /* Project object */ = {
			isa = PBXProject;
			attributes = {
				BuildIndependentTargetsInParallel = 1;
				LastUpgradeCheck = 1540;
			};
			buildConfigurationList = 49EE436D2C57735400A648A5 /* Build configuration list for PBXProject "[앨런 Swift 문법 마스터 스쿨] 수업 자료" */;
			compatibilityVersion = "Xcode 14.0";
			developmentRegion = en;
			hasScannedForEncodings = 0;
			knownRegions = (
				en,
				Base,
			);
			mainGroup = 49EE43692C57735400A648A5;
			projectDirPath = "";
			projectRoot = "";
			targets = (
			);
		};
/* End PBXProject section */

/* Begin XCBuildConfiguration section */
		49EE436E2C57735400A648A5 /* Debug */ = {
			isa = XCBuildConfiguration;
			buildSettings = {
			};
			name = Debug;
		};
		49EE436F2C57735400A648A5 /* Release */ = {
			isa = XCBuildConfiguration;
			buildSettings = {
			};
			name = Release;
		};
/* End XCBuildConfiguration section */

/* Begin XCConfigurationList section */
		49EE436D2C57735400A648A5 /* Build configuration list for PBXProject "[앨런 Swift 문법 마스터 스쿨] 수업 자료" */ = {
			isa = XCConfigurationList;
			buildConfigurations = (
				49EE436E2C57735400A648A5 /* Debug */,
				49EE436F2C57735400A648A5 /* Release */,
			);
			defaultConfigurationIsVisible = 0;
			defaultConfigurationName = Release;
		};
/* End XCConfigurationList section */
	};
	rootObject = 49EE436A2C57735400A648A5 /* Project object */;
}
